
Microsoft Visual Studio Solution File, Format Version 12.00
# Visual Studio Version 17
VisualStudioVersion = 17.1.32210.238
MinimumVisualStudioVersion = 10.0.40219.1
Project("{FAE04EC0-301F-11D3-BF4B-00C04F79EFBC}") = "UC3", "UC3\UC3.csproj", "{735A1DFF-6933-4997-BA29-1737878CBF85}"
EndProject
Global
	GlobalSection(SolutionConfigurationPlatforms) = preSolution
		Debug|Any CPU = Debug|Any CPU
		Release|Any CPU = Release|Any CPU
	EndGlobalSection
	GlobalSection(ProjectConfigurationPlatforms) = postSolution
		{735A1DFF-6933-4997-BA29-1737878CBF85}.Debug|Any CPU.ActiveCfg = Debug|Any CPU
		{735A1DFF-6933-4997-BA29-1737878CBF85}.Debug|Any CPU.Build.0 = Debug|Any CPU
		{735A1DFF-6933-4997-BA29-1737878CBF85}.Release|Any CPU.ActiveCfg = Release|Any CPU
		{735A1DFF-6933-4997-BA29-1737878CBF85}.Release|Any CPU.Build.0 = Release|Any CPU
	EndGlobalSection
	GlobalSection(SolutionProperties) = preSolution
		HideSolutionNode = FALSE
	EndGlobalSection
	GlobalSection(ExtensibilityGlobals) = postSolution
		SolutionGuid = {CE885F85-A4D5-490D-B46F-E01D132F574A}
	EndGlobalSection
EndGlobal
