
Microsoft Visual Studio Solution File, Format Version 12.00
# Visual Studio Version 17
VisualStudioVersion = 17.1.32210.238
MinimumVisualStudioVersion = 10.0.40219.1
Project("{FAE04EC0-301F-11D3-BF4B-00C04F79EFBC}") = "UC5", "UC5\UC5.csproj", "{B8BF4CCF-2E9A-4248-9844-85F9B6ACFCB6}"
EndProject
Global
	GlobalSection(SolutionConfigurationPlatforms) = preSolution
		Debug|Any CPU = Debug|Any CPU
		Release|Any CPU = Release|Any CPU
	EndGlobalSection
	GlobalSection(ProjectConfigurationPlatforms) = postSolution
		{B8BF4CCF-2E9A-4248-9844-85F9B6ACFCB6}.Debug|Any CPU.ActiveCfg = Debug|Any CPU
		{B8BF4CCF-2E9A-4248-9844-85F9B6ACFCB6}.Debug|Any CPU.Build.0 = Debug|Any CPU
		{B8BF4CCF-2E9A-4248-9844-85F9B6ACFCB6}.Release|Any CPU.ActiveCfg = Release|Any CPU
		{B8BF4CCF-2E9A-4248-9844-85F9B6ACFCB6}.Release|Any CPU.Build.0 = Release|Any CPU
	EndGlobalSection
	GlobalSection(SolutionProperties) = preSolution
		HideSolutionNode = FALSE
	EndGlobalSection
	GlobalSection(ExtensibilityGlobals) = postSolution
		SolutionGuid = {3F700EA2-369D-4EC9-BDB8-FD3AAA5B2724}
	EndGlobalSection
EndGlobal
